
Microsoft Visual Studio Solution File, Format Version 12.00
# Visual Studio Version 16
VisualStudioVersion = 16.0.31313.79
MinimumVisualStudioVersion = 10.0.40219.1
Project("{FAE04EC0-301F-11D3-BF4B-00C04F79EFBC}") = "TestTaskForUniversalExchange", "TestTaskForUniversalExchange\TestTaskForUniversalExchange.csproj", "{5BD6D56A-F838-4E27-87EB-0260538FAB65}"
EndProject
Global
	GlobalSection(SolutionConfigurationPlatforms) = preSolution
		Debug|Any CPU = Debug|Any CPU
		Release|Any CPU = Release|Any CPU
	EndGlobalSection
	GlobalSection(ProjectConfigurationPlatforms) = postSolution
		{5BD6D56A-F838-4E27-87EB-0260538FAB65}.Debug|Any CPU.ActiveCfg = Debug|Any CPU
		{5BD6D56A-F838-4E27-87EB-0260538FAB65}.Debug|Any CPU.Build.0 = Debug|Any CPU
		{5BD6D56A-F838-4E27-87EB-0260538FAB65}.Release|Any CPU.ActiveCfg = Release|Any CPU
		{5BD6D56A-F838-4E27-87EB-0260538FAB65}.Release|Any CPU.Build.0 = Release|Any CPU
	EndGlobalSection
	GlobalSection(SolutionProperties) = preSolution
		HideSolutionNode = FALSE
	EndGlobalSection
	GlobalSection(ExtensibilityGlobals) = postSolution
		SolutionGuid = {7BD6652A-E830-4EB8-B362-CAAA413A5EA6}
	EndGlobalSection
EndGlobal
